
Microsoft Visual Studio Solution File, Format Version 12.00
# Visual Studio 15
Project("{FAE04EC0-301F-11D3-BF4B-00C04F79EFBC}") = "Assembly-CSharp", "Assembly-CSharp.csproj", "{97075A81-E4D5-143B-5F75-40BBDAA6497F}"
EndProject
Project("{FAE04EC0-301F-11D3-BF4B-00C04F79EFBC}") = "Polyperfect.Dinos", "Polyperfect.Dinos.csproj", "{680E55D8-5EE0-4E24-0114-C3BD869A4570}"
EndProject
Project("{FAE04EC0-301F-11D3-BF4B-00C04F79EFBC}") = "Polyperfect.Common", "Polyperfect.Common.csproj", "{945FD0FD-157B-F7DB-B8DB-39A5C9DCEC1B}"
EndProject
Project("{FAE04EC0-301F-11D3-BF4B-00C04F79EFBC}") = "Assembly-CSharp-Editor", "Assembly-CSharp-Editor.csproj", "{17381A06-D61B-3D9B-0D19-71EF677C55E7}"
EndProject
Global
	GlobalSection(SolutionConfigurationPlatforms) = preSolution
		Debug|Any CPU = Debug|Any CPU
		Release|Any CPU = Release|Any CPU
	EndGlobalSection
	GlobalSection(ProjectConfigurationPlatforms) = postSolution
		{97075A81-E4D5-143B-5F75-40BBDAA6497F}.Debug|Any CPU.ActiveCfg = Debug|Any CPU
		{97075A81-E4D5-143B-5F75-40BBDAA6497F}.Debug|Any CPU.Build.0 = Debug|Any CPU
		{97075A81-E4D5-143B-5F75-40BBDAA6497F}.Release|Any CPU.ActiveCfg = Release|Any CPU
		{97075A81-E4D5-143B-5F75-40BBDAA6497F}.Release|Any CPU.Build.0 = Release|Any CPU
		{680E55D8-5EE0-4E24-0114-C3BD869A4570}.Debug|Any CPU.ActiveCfg = Debug|Any CPU
		{680E55D8-5EE0-4E24-0114-C3BD869A4570}.Debug|Any CPU.Build.0 = Debug|Any CPU
		{680E55D8-5EE0-4E24-0114-C3BD869A4570}.Release|Any CPU.ActiveCfg = Release|Any CPU
		{680E55D8-5EE0-4E24-0114-C3BD869A4570}.Release|Any CPU.Build.0 = Release|Any CPU
		{945FD0FD-157B-F7DB-B8DB-39A5C9DCEC1B}.Debug|Any CPU.ActiveCfg = Debug|Any CPU
		{945FD0FD-157B-F7DB-B8DB-39A5C9DCEC1B}.Debug|Any CPU.Build.0 = Debug|Any CPU
		{945FD0FD-157B-F7DB-B8DB-39A5C9DCEC1B}.Release|Any CPU.ActiveCfg = Release|Any CPU
		{945FD0FD-157B-F7DB-B8DB-39A5C9DCEC1B}.Release|Any CPU.Build.0 = Release|Any CPU
		{17381A06-D61B-3D9B-0D19-71EF677C55E7}.Debug|Any CPU.ActiveCfg = Debug|Any CPU
		{17381A06-D61B-3D9B-0D19-71EF677C55E7}.Debug|Any CPU.Build.0 = Debug|Any CPU
		{17381A06-D61B-3D9B-0D19-71EF677C55E7}.Release|Any CPU.ActiveCfg = Release|Any CPU
		{17381A06-D61B-3D9B-0D19-71EF677C55E7}.Release|Any CPU.Build.0 = Release|Any CPU
	EndGlobalSection
	GlobalSection(SolutionProperties) = preSolution
		HideSolutionNode = FALSE
	EndGlobalSection
EndGlobal
